
Microsoft Visual Studio Solution File, Format Version 12.00
# Visual Studio Version 17
VisualStudioVersion = 17.0.31903.59
MinimumVisualStudioVersion = 10.0.40219.1
Project("{2150E333-8FDC-42A3-9474-1A3956D46DE8}") = "src", "src", "{827E0CD3-B72D-47B6-A68D-7590B98EB39B}"
EndProject
Project("{FAE04EC0-301F-11D3-BF4B-00C04F79EFBC}") = "ParadisCapture.Core", "src\ParadisCapture.Core\ParadisCapture.Core.csproj", "{72147781-F8C1-4C69-8AE7-4D5EAA9147C7}"
EndProject
Project("{2150E333-8FDC-42A3-9474-1A3956D46DE8}") = "tests", "tests", "{0AB3BF05-4346-4AA6-1389-037BE0695223}"
EndProject
Project("{FAE04EC0-301F-11D3-BF4B-00C04F79EFBC}") = "ParadisCapture.Core.Tests", "tests\ParadisCapture.Core.Tests\ParadisCapture.Core.Tests.csproj", "{A35C2BFA-0FAB-4820-A8EA-FDF0296C4DCA}"
EndProject
Project("{FAE04EC0-301F-11D3-BF4B-00C04F79EFBC}") = "ParadisCapture", "src\ParadisCapture\ParadisCapture.csproj", "{FC2746D2-8C61-4F6F-B550-89AFC1D24CF8}"
EndProject
Global
	GlobalSection(SolutionConfigurationPlatforms) = preSolution
		Debug|Any CPU = Debug|Any CPU
		Debug|x64 = Debug|x64
		Debug|x86 = Debug|x86
		Release|Any CPU = Release|Any CPU
		Release|x64 = Release|x64
		Release|x86 = Release|x86
	EndGlobalSection
	GlobalSection(ProjectConfigurationPlatforms) = postSolution
		{72147781-F8C1-4C69-8AE7-4D5EAA9147C7}.Debug|Any CPU.ActiveCfg = Debug|Any CPU
		{72147781-F8C1-4C69-8AE7-4D5EAA9147C7}.Debug|Any CPU.Build.0 = Debug|Any CPU
		{72147781-F8C1-4C69-8AE7-4D5EAA9147C7}.Debug|x64.ActiveCfg = Debug|Any CPU
		{72147781-F8C1-4C69-8AE7-4D5EAA9147C7}.Debug|x64.Build.0 = Debug|Any CPU
		{72147781-F8C1-4C69-8AE7-4D5EAA9147C7}.Debug|x86.ActiveCfg = Debug|Any CPU
		{72147781-F8C1-4C69-8AE7-4D5EAA9147C7}.Debug|x86.Build.0 = Debug|Any CPU
		{72147781-F8C1-4C69-8AE7-4D5EAA9147C7}.Release|Any CPU.ActiveCfg = Release|Any CPU
		{72147781-F8C1-4C69-8AE7-4D5EAA9147C7}.Release|Any CPU.Build.0 = Release|Any CPU
		{72147781-F8C1-4C69-8AE7-4D5EAA9147C7}.Release|x64.ActiveCfg = Release|Any CPU
		{72147781-F8C1-4C69-8AE7-4D5EAA9147C7}.Release|x64.Build.0 = Release|Any CPU
		{72147781-F8C1-4C69-8AE7-4D5EAA9147C7}.Release|x86.ActiveCfg = Release|Any CPU
		{72147781-F8C1-4C69-8AE7-4D5EAA9147C7}.Release|x86.Build.0 = Release|Any CPU
		{A35C2BFA-0FAB-4820-A8EA-FDF0296C4DCA}.Debug|Any CPU.ActiveCfg = Debug|Any CPU
		{A35C2BFA-0FAB-4820-A8EA-FDF0296C4DCA}.Debug|Any CPU.Build.0 = Debug|Any CPU
		{A35C2BFA-0FAB-4820-A8EA-FDF0296C4DCA}.Debug|x64.ActiveCfg = Debug|Any CPU
		{A35C2BFA-0FAB-4820-A8EA-FDF0296C4DCA}.Debug|x64.Build.0 = Debug|Any CPU
		{A35C2BFA-0FAB-4820-A8EA-FDF0296C4DCA}.Debug|x86.ActiveCfg = Debug|Any CPU
		{A35C2BFA-0FAB-4820-A8EA-FDF0296C4DCA}.Debug|x86.Build.0 = Debug|Any CPU
		{A35C2BFA-0FAB-4820-A8EA-FDF0296C4DCA}.Release|Any CPU.ActiveCfg = Release|Any CPU
		{A35C2BFA-0FAB-4820-A8EA-FDF0296C4DCA}.Release|Any CPU.Build.0 = Release|Any CPU
		{A35C2BFA-0FAB-4820-A8EA-FDF0296C4DCA}.Release|x64.ActiveCfg = Release|Any CPU
		{A35C2BFA-0FAB-4820-A8EA-FDF0296C4DCA}.Release|x64.Build.0 = Release|Any CPU
		{A35C2BFA-0FAB-4820-A8EA-FDF0296C4DCA}.Release|x86.ActiveCfg = Release|Any CPU
		{A35C2BFA-0FAB-4820-A8EA-FDF0296C4DCA}.Release|x86.Build.0 = Release|Any CPU
		{FC2746D2-8C61-4F6F-B550-89AFC1D24CF8}.Debug|Any CPU.ActiveCfg = Debug|x64
		{FC2746D2-8C61-4F6F-B550-89AFC1D24CF8}.Debug|Any CPU.Build.0 = Debug|x64
		{FC2746D2-8C61-4F6F-B550-89AFC1D24CF8}.Debug|x64.ActiveCfg = Debug|x64
		{FC2746D2-8C61-4F6F-B550-89AFC1D24CF8}.Debug|x64.Build.0 = Debug|x64
		{FC2746D2-8C61-4F6F-B550-89AFC1D24CF8}.Debug|x86.ActiveCfg = Debug|x64
		{FC2746D2-8C61-4F6F-B550-89AFC1D24CF8}.Debug|x86.Build.0 = Debug|x64
		{FC2746D2-8C61-4F6F-B550-89AFC1D24CF8}.Release|Any CPU.ActiveCfg = Release|x64
		{FC2746D2-8C61-4F6F-B550-89AFC1D24CF8}.Release|Any CPU.Build.0 = Release|x64
		{FC2746D2-8C61-4F6F-B550-89AFC1D24CF8}.Release|x64.ActiveCfg = Release|x64
		{FC2746D2-8C61-4F6F-B550-89AFC1D24CF8}.Release|x64.Build.0 = Release|x64
		{FC2746D2-8C61-4F6F-B550-89AFC1D24CF8}.Release|x86.ActiveCfg = Release|x64
		{FC2746D2-8C61-4F6F-B550-89AFC1D24CF8}.Release|x86.Build.0 = Release|x64
	EndGlobalSection
	GlobalSection(SolutionProperties) = preSolution
		HideSolutionNode = FALSE
	EndGlobalSection
	GlobalSection(NestedProjects) = preSolution
		{72147781-F8C1-4C69-8AE7-4D5EAA9147C7} = {827E0CD3-B72D-47B6-A68D-7590B98EB39B}
		{A35C2BFA-0FAB-4820-A8EA-FDF0296C4DCA} = {0AB3BF05-4346-4AA6-1389-037BE0695223}
		{FC2746D2-8C61-4F6F-B550-89AFC1D24CF8} = {827E0CD3-B72D-47B6-A68D-7590B98EB39B}
	EndGlobalSection
EndGlobal
